// !$*UTF8*$!
{
	archiveVersion = 1;
	classes = {
	};
	objectVersion = 56;
	objects = {

/* Begin PBXBuildFile section */
		05B1A665ED5CEA51BFB2A973 /* RevenueCatUI in Frameworks */ = {isa = PBXBuildFile; productRef = BADB2B1870CE121AD1511C30 /* RevenueCatUI */; };
		298F3D263A0697F1642A255B /* GoogleService-Info.plist in Resources */ = {isa = PBXBuildFile; fileRef = EAFF348518DDCF49FA0B746C /* GoogleService-Info.plist */; };
		2FDFA21E83AD1DDCD13FFE40 /* RemotePaywallView.swift in Sources */ = {isa = PBXBuildFile; fileRef = 4B5F6218F5D4C3FD59BF6C57 /* RemotePaywallView.swift */; };
		DC00000100000001 /* AIDataConsentManager.swift in Sources */ = {isa = PBXBuildFile; fileRef = DC00000200000001 /* AIDataConsentManager.swift */; };
		DC00000300000002 /* AIDataConsentView.swift in Sources */ = {isa = PBXBuildFile; fileRef = DC00000400000002 /* AIDataConsentView.swift */; };
		88DA84B12F07436B0084B5E7 /* GoogleSignIn in Frameworks */ = {isa = PBXBuildFile; productRef = 88DA84B02F07436B0084B5E7 /* GoogleSignIn */; };
		88DA84B32F07436B0084B5E7 /* GoogleSignInSwift in Frameworks */ = {isa = PBXBuildFile; productRef = 88DA84B22F07436B0084B5E7 /* GoogleSignInSwift */; };
		A1000001229E0001 /* SummaryAIApp.swift in Sources */ = {isa = PBXBuildFile; fileRef = A1000002229E0001 /* SummaryAIApp.swift */; };
		A1000003229E0002 /* APIModels.swift in Sources */ = {isa = PBXBuildFile; fileRef = A1000004229E0002 /* APIModels.swift */; };
		A1000005229E0003 /* APIError.swift in Sources */ = {isa = PBXBuildFile; fileRef = A1000006229E0003 /* APIError.swift */; };
		A1000007229E0004 /* SummaryAIAPIClient.swift in Sources */ = {isa = PBXBuildFile; fileRef = A1000008229E0004 /* SummaryAIAPIClient.swift */; };
		A1000009229E0005 /* RecordingManager.swift in Sources */ = {isa = PBXBuildFile; fileRef = A100000A229E0005 /* RecordingManager.swift */; };
		A100000B229E0006 /* AuthService.swift in Sources */ = {isa = PBXBuildFile; fileRef = A100000C229E0006 /* AuthService.swift */; };
		A100000D229E0007 /* ExportService.swift in Sources */ = {isa = PBXBuildFile; fileRef = A100000E229E0007 /* ExportService.swift */; };
		A100000F229E0008 /* RecordingDetailViewModel.swift in Sources */ = {isa = PBXBuildFile; fileRef = A1000010229E0008 /* RecordingDetailViewModel.swift */; };
		A1000011229E0009 /* RecordingViewModel.swift in Sources */ = {isa = PBXBuildFile; fileRef = A1000012229E0009 /* RecordingViewModel.swift */; };
		A1000013229E000A /* RecordingsListViewModel.swift in Sources */ = {isa = PBXBuildFile; fileRef = A1000014229E000A /* RecordingsListViewModel.swift */; };
		A1000015229E000B /* SearchViewModel.swift in Sources */ = {isa = PBXBuildFile; fileRef = A1000016229E000B /* SearchViewModel.swift */; };
		A1000017229E000C /* AuthViews.swift in Sources */ = {isa = PBXBuildFile; fileRef = A1000018229E000C /* AuthViews.swift */; };
		A1000019229E000D /* ExportView.swift in Sources */ = {isa = PBXBuildFile; fileRef = A100001A229E000D /* ExportView.swift */; };
		A100001B229E000E /* RecordingDetailView.swift in Sources */ = {isa = PBXBuildFile; fileRef = A100001C229E000E /* RecordingDetailView.swift */; };
		A100001D229E000F /* RecordingView.swift in Sources */ = {isa = PBXBuildFile; fileRef = A100001E229E000F /* RecordingView.swift */; };
		A100001F229E0010 /* RecordingsListView.swift in Sources */ = {isa = PBXBuildFile; fileRef = A1000020229E0010 /* RecordingsListView.swift */; };
		A1000021229E0011 /* SearchView.swift in Sources */ = {isa = PBXBuildFile; fileRef = A1000022229E0011 /* SearchView.swift */; };
		A1000023229E0012 /* SettingsView.swift in Sources */ = {isa = PBXBuildFile; fileRef = A1000024229E0012 /* SettingsView.swift */; };
		A1000025229E0013 /* Assets.xcassets in Resources */ = {isa = PBXBuildFile; fileRef = A1000026229E0013 /* Assets.xcassets */; };
		A1000027229E0014 /* Preview Assets.xcassets in Resources */ = {isa = PBXBuildFile; fileRef = A1000028229E0014 /* Preview Assets.xcassets */; };
		A1000029229E0017 /* CalendarViewModel.swift in Sources */ = {isa = PBXBuildFile; fileRef = A100002C229E0018 /* CalendarViewModel.swift */; };
		A100002D229E0019 /* CalendarIntegrationView.swift in Sources */ = {isa = PBXBuildFile; fileRef = A100002E229E001A /* CalendarIntegrationView.swift */; };
		A100002F229E001B /* MeetingsView.swift in Sources */ = {isa = PBXBuildFile; fileRef = A1000030229E001C /* MeetingsView.swift */; };
		A1000031229E001D /* SubscriptionService.swift in Sources */ = {isa = PBXBuildFile; fileRef = A1000032229E001E /* SubscriptionService.swift */; };
		A1000033229E001F /* PaywallView.swift in Sources */ = {isa = PBXBuildFile; fileRef = A1000034229E0020 /* PaywallView.swift */; };
		A1000035229E0021 /* JoinMeetingView.swift in Sources */ = {isa = PBXBuildFile; fileRef = A1000036229E0022 /* JoinMeetingView.swift */; };
		A1000037229E0023 /* JoinMeetingViewModel.swift in Sources */ = {isa = PBXBuildFile; fileRef = A1000038229E0024 /* JoinMeetingViewModel.swift */; };
		A1000039229E0025 /* TodosViewModel.swift in Sources */ = {isa = PBXBuildFile; fileRef = A100003A229E0026 /* TodosViewModel.swift */; };
		A100003B229E0027 /* TodosView.swift in Sources */ = {isa = PBXBuildFile; fileRef = A100003C229E0028 /* TodosView.swift */; };
		A100003D229E002A /* LiveTranscriptViewModel.swift in Sources */ = {isa = PBXBuildFile; fileRef = A100003E229E002B /* LiveTranscriptViewModel.swift */; };
		A100003F229E002C /* LiveTranscriptView.swift in Sources */ = {isa = PBXBuildFile; fileRef = A1000040229E002D /* LiveTranscriptView.swift */; };
		A1000041229E002E /* AudioPlayerView.swift in Sources */ = {isa = PBXBuildFile; fileRef = A1000042229E002F /* AudioPlayerView.swift */; };
		A1000043229E0030 /* LiveWaveformView.swift in Sources */ = {isa = PBXBuildFile; fileRef = A1000044229E0031 /* LiveWaveformView.swift */; };
		A1000045229E0032 /* PhoneViewModel.swift in Sources */ = {isa = PBXBuildFile; fileRef = A1000046229E0033 /* PhoneViewModel.swift */; };
		A1000047229E0034 /* PhoneView.swift in Sources */ = {isa = PBXBuildFile; fileRef = A1000048229E0035 /* PhoneView.swift */; };
		A1000049229E0036 /* VoipService.swift in Sources */ = {isa = PBXBuildFile; fileRef = A100004A229E0037 /* VoipService.swift */; };
		A100004E229E003B /* TwilioVoice in Frameworks */ = {isa = PBXBuildFile; productRef = A100004D229E003A /* TwilioVoice */; };
		A1000050229E0040 /* ReviewRequestManager.swift in Sources */ = {isa = PBXBuildFile; fileRef = A1000051229E0041 /* ReviewRequestManager.swift */; };
		A1000052229E0042 /* AnalyticsService.swift in Sources */ = {isa = PBXBuildFile; fileRef = A1000053229E0043 /* AnalyticsService.swift */; };
		A1FB0002229E0002 /* FirebaseAnalytics in Frameworks */ = {isa = PBXBuildFile; productRef = A1FB0001229E0001 /* FirebaseAnalytics */; };
		A1RC0002229E0002 /* RevenueCat in Frameworks */ = {isa = PBXBuildFile; productRef = A1RC0001229E0001 /* RevenueCat */; };
		B8692A64ADB88CDE64F07A75 /* AttributionService.swift in Sources */ = {isa = PBXBuildFile; fileRef = 3F12911BF39626F5F9FA9FD3 /* AttributionService.swift */; };
		TT0000000000000000000001 /* TikTokBusinessSDK in Frameworks */ = {isa = PBXBuildFile; productRef = TT0000000000000000000002 /* TikTokBusinessSDK */; };
		TT0000000000000000000010 /* TikTokHelper.swift in Sources */ = {isa = PBXBuildFile; fileRef = TT0000000000000000000011 /* TikTokHelper.swift */; };
/* End PBXBuildFile section */

/* Begin PBXFileReference section */
		18D7B68CEE2E6E9738784E58 /* ReviewManager.swift */ = {isa = PBXFileReference; includeInIndex = 1; lastKnownFileType = sourcecode.swift; path = ReviewManager.swift; sourceTree = "<group>"; };
		3F12911BF39626F5F9FA9FD3 /* AttributionService.swift */ = {isa = PBXFileReference; includeInIndex = 1; lastKnownFileType = sourcecode.swift; path = AttributionService.swift; sourceTree = "<group>"; };
		TT0000000000000000000011 /* TikTokHelper.swift */ = {isa = PBXFileReference; includeInIndex = 1; lastKnownFileType = sourcecode.swift; path = TikTokHelper.swift; sourceTree = "<group>"; };
		4B5F6218F5D4C3FD59BF6C57 /* RemotePaywallView.swift */ = {isa = PBXFileReference; includeInIndex = 1; lastKnownFileType = sourcecode.swift; path = RemotePaywallView.swift; sourceTree = "<group>"; };
		A1000000229E0000 /* SummaryAI.app */ = {isa = PBXFileReference; explicitFileType = wrapper.application; includeInIndex = 0; path = SummaryAI.app; sourceTree = BUILT_PRODUCTS_DIR; };
		A1000002229E0001 /* SummaryAIApp.swift */ = {isa = PBXFileReference; lastKnownFileType = sourcecode.swift; path = SummaryAIApp.swift; sourceTree = "<group>"; };
		A1000004229E0002 /* APIModels.swift */ = {isa = PBXFileReference; lastKnownFileType = sourcecode.swift; path = APIModels.swift; sourceTree = "<group>"; };
		A1000006229E0003 /* APIError.swift */ = {isa = PBXFileReference; lastKnownFileType = sourcecode.swift; path = APIError.swift; sourceTree = "<group>"; };
		A1000008229E0004 /* SummaryAIAPIClient.swift */ = {isa = PBXFileReference; lastKnownFileType = sourcecode.swift; path = SummaryAIAPIClient.swift; sourceTree = "<group>"; };
		A100000A229E0005 /* RecordingManager.swift */ = {isa = PBXFileReference; lastKnownFileType = sourcecode.swift; path = RecordingManager.swift; sourceTree = "<group>"; };
		A100000C229E0006 /* AuthService.swift */ = {isa = PBXFileReference; lastKnownFileType = sourcecode.swift; path = AuthService.swift; sourceTree = "<group>"; };
		A100000E229E0007 /* ExportService.swift */ = {isa = PBXFileReference; lastKnownFileType = sourcecode.swift; path = ExportService.swift; sourceTree = "<group>"; };
		A1000010229E0008 /* RecordingDetailViewModel.swift */ = {isa = PBXFileReference; lastKnownFileType = sourcecode.swift; path = RecordingDetailViewModel.swift; sourceTree = "<group>"; };
		A1000012229E0009 /* RecordingViewModel.swift */ = {isa = PBXFileReference; lastKnownFileType = sourcecode.swift; path = RecordingViewModel.swift; sourceTree = "<group>"; };
		A1000014229E000A /* RecordingsListViewModel.swift */ = {isa = PBXFileReference; lastKnownFileType = sourcecode.swift; path = RecordingsListViewModel.swift; sourceTree = "<group>"; };
		A1000016229E000B /* SearchViewModel.swift */ = {isa = PBXFileReference; lastKnownFileType = sourcecode.swift; path = SearchViewModel.swift; sourceTree = "<group>"; };
		A1000018229E000C /* AuthViews.swift */ = {isa = PBXFileReference; lastKnownFileType = sourcecode.swift; path = AuthViews.swift; sourceTree = "<group>"; };
		A100001A229E000D /* ExportView.swift */ = {isa = PBXFileReference; lastKnownFileType = sourcecode.swift; path = ExportView.swift; sourceTree = "<group>"; };
		A100001C229E000E /* RecordingDetailView.swift */ = {isa = PBXFileReference; lastKnownFileType = sourcecode.swift; path = RecordingDetailView.swift; sourceTree = "<group>"; };
		A100001E229E000F /* RecordingView.swift */ = {isa = PBXFileReference; lastKnownFileType = sourcecode.swift; path = RecordingView.swift; sourceTree = "<group>"; };
		A1000020229E0010 /* RecordingsListView.swift */ = {isa = PBXFileReference; lastKnownFileType = sourcecode.swift; path = RecordingsListView.swift; sourceTree = "<group>"; };
		A1000022229E0011 /* SearchView.swift */ = {isa = PBXFileReference; lastKnownFileType = sourcecode.swift; path = SearchView.swift; sourceTree = "<group>"; };
		A1000024229E0012 /* SettingsView.swift */ = {isa = PBXFileReference; lastKnownFileType = sourcecode.swift; path = SettingsView.swift; sourceTree = "<group>"; };
		A1000026229E0013 /* Assets.xcassets */ = {isa = PBXFileReference; lastKnownFileType = folder.assetcatalog; path = Assets.xcassets; sourceTree = "<group>"; };
		A1000028229E0014 /* Preview Assets.xcassets */ = {isa = PBXFileReference; lastKnownFileType = folder.assetcatalog; path = "Preview Assets.xcassets"; sourceTree = "<group>"; };
		A100002A229E0015 /* Info.plist */ = {isa = PBXFileReference; lastKnownFileType = text.plist.xml; path = Info.plist; sourceTree = "<group>"; };
		A100002B229E0016 /* SummaryAI.entitlements */ = {isa = PBXFileReference; lastKnownFileType = text.plist.entitlements; path = SummaryAI.entitlements; sourceTree = "<group>"; };
		A100002C229E0018 /* CalendarViewModel.swift */ = {isa = PBXFileReference; lastKnownFileType = sourcecode.swift; path = CalendarViewModel.swift; sourceTree = "<group>"; };
		A100002E229E001A /* CalendarIntegrationView.swift */ = {isa = PBXFileReference; lastKnownFileType = sourcecode.swift; path = CalendarIntegrationView.swift; sourceTree = "<group>"; };
		A1000030229E001C /* MeetingsView.swift */ = {isa = PBXFileReference; lastKnownFileType = sourcecode.swift; path = MeetingsView.swift; sourceTree = "<group>"; };
		A1000032229E001E /* SubscriptionService.swift */ = {isa = PBXFileReference; lastKnownFileType = sourcecode.swift; path = SubscriptionService.swift; sourceTree = "<group>"; };
		A1000034229E0020 /* PaywallView.swift */ = {isa = PBXFileReference; lastKnownFileType = sourcecode.swift; path = PaywallView.swift; sourceTree = "<group>"; };
		A1000036229E0022 /* JoinMeetingView.swift */ = {isa = PBXFileReference; lastKnownFileType = sourcecode.swift; path = JoinMeetingView.swift; sourceTree = "<group>"; };
		A1000038229E0024 /* JoinMeetingViewModel.swift */ = {isa = PBXFileReference; lastKnownFileType = sourcecode.swift; path = JoinMeetingViewModel.swift; sourceTree = "<group>"; };
		A100003A229E0026 /* TodosViewModel.swift */ = {isa = PBXFileReference; lastKnownFileType = sourcecode.swift; path = TodosViewModel.swift; sourceTree = "<group>"; };
		A100003C229E0028 /* TodosView.swift */ = {isa = PBXFileReference; lastKnownFileType = sourcecode.swift; path = TodosView.swift; sourceTree = "<group>"; };
		A100003D229E0029 /* StoreKitConfiguration.storekit */ = {isa = PBXFileReference; lastKnownFileType = text; path = StoreKitConfiguration.storekit; sourceTree = "<group>"; };
		A100003E229E002B /* LiveTranscriptViewModel.swift */ = {isa = PBXFileReference; lastKnownFileType = sourcecode.swift; path = LiveTranscriptViewModel.swift; sourceTree = "<group>"; };
		A1000040229E002D /* LiveTranscriptView.swift */ = {isa = PBXFileReference; lastKnownFileType = sourcecode.swift; path = LiveTranscriptView.swift; sourceTree = "<group>"; };
		A1000042229E002F /* AudioPlayerView.swift */ = {isa = PBXFileReference; lastKnownFileType = sourcecode.swift; path = AudioPlayerView.swift; sourceTree = "<group>"; };
		A1000044229E0031 /* LiveWaveformView.swift */ = {isa = PBXFileReference; lastKnownFileType = sourcecode.swift; path = LiveWaveformView.swift; sourceTree = "<group>"; };
		A1000046229E0033 /* PhoneViewModel.swift */ = {isa = PBXFileReference; lastKnownFileType = sourcecode.swift; path = PhoneViewModel.swift; sourceTree = "<group>"; };
		A1000048229E0035 /* PhoneView.swift */ = {isa = PBXFileReference; lastKnownFileType = sourcecode.swift; path = PhoneView.swift; sourceTree = "<group>"; };
		A100004A229E0037 /* VoipService.swift */ = {isa = PBXFileReference; lastKnownFileType = sourcecode.swift; path = VoipService.swift; sourceTree = "<group>"; };
		A1000051229E0041 /* ReviewRequestManager.swift */ = {isa = PBXFileReference; lastKnownFileType = sourcecode.swift; path = ReviewRequestManager.swift; sourceTree = "<group>"; };
		A1000053229E0043 /* AnalyticsService.swift */ = {isa = PBXFileReference; lastKnownFileType = sourcecode.swift; path = AnalyticsService.swift; sourceTree = "<group>"; };
		EAFF348518DDCF49FA0B746C /* GoogleService-Info.plist */ = {isa = PBXFileReference; includeInIndex = 1; lastKnownFileType = text.plist.xml; path = "GoogleService-Info.plist"; sourceTree = "<group>"; };
		DC00000200000001 /* AIDataConsentManager.swift */ = {isa = PBXFileReference; lastKnownFileType = sourcecode.swift; path = AIDataConsentManager.swift; sourceTree = "<group>"; };
		DC00000400000002 /* AIDataConsentView.swift */ = {isa = PBXFileReference; lastKnownFileType = sourcecode.swift; path = AIDataConsentView.swift; sourceTree = "<group>"; };
/* End PBXFileReference section */

/* Begin PBXFrameworksBuildPhase section */
		A10000F0229E00F0 /* Frameworks */ = {
			isa = PBXFrameworksBuildPhase;
			buildActionMask = 2147483647;
			files = (
				88DA84B12F07436B0084B5E7 /* GoogleSignIn in Frameworks */,
				88DA84B32F07436B0084B5E7 /* GoogleSignInSwift in Frameworks */,
				A100004E229E003B /* TwilioVoice in Frameworks */,
				A1FB0002229E0002 /* FirebaseAnalytics in Frameworks */,
				A1RC0002229E0002 /* RevenueCat in Frameworks */,
				05B1A665ED5CEA51BFB2A973 /* RevenueCatUI in Frameworks */,
				TT0000000000000000000001 /* TikTokBusinessSDK in Frameworks */,
			);
			runOnlyForDeploymentPostprocessing = 0;
		};
/* End PBXFrameworksBuildPhase section */

/* Begin PBXGroup section */
		A100004B229E0038 /* VoIP */ = {
			isa = PBXGroup;
			children = (
				A100004A229E0037 /* VoipService.swift */,
			);
			path = VoIP;
			sourceTree = "<group>";
		};
		A10000A0229E00A0 = {
			isa = PBXGroup;
			children = (
				A10000A1229E00A1 /* SummaryAI */,
				A10000A2229E00A2 /* Products */,
			);
			sourceTree = "<group>";
		};
		A10000A1229E00A1 /* SummaryAI */ = {
			isa = PBXGroup;
			children = (
				A10000A3229E00A3 /* Sources */,
				A1000026229E0013 /* Assets.xcassets */,
				A10000A4229E00A4 /* Preview Content */,
				A100002A229E0015 /* Info.plist */,
				A100002B229E0016 /* SummaryAI.entitlements */,
				A100003D229E0029 /* StoreKitConfiguration.storekit */,
				EAFF348518DDCF49FA0B746C /* GoogleService-Info.plist */,
			);
			path = SummaryAI;
			sourceTree = "<group>";
		};
		A10000A2229E00A2 /* Products */ = {
			isa = PBXGroup;
			children = (
				A1000000229E0000 /* SummaryAI.app */,
			);
			name = Products;
			sourceTree = "<group>";
		};
		A10000A3229E00A3 /* Sources */ = {
			isa = PBXGroup;
			children = (
				A10000A5229E00A5 /* App */,
				A10000A6229E00A6 /* Models */,
				A10000A7229E00A7 /* Services */,
				A10000A8229E00A8 /* ViewModels */,
				A10000A9229E00A9 /* Views */,
			);
			path = Sources;
			sourceTree = "<group>";
		};
		A10000A4229E00A4 /* Preview Content */ = {
			isa = PBXGroup;
			children = (
				A1000028229E0014 /* Preview Assets.xcassets */,
			);
			path = "Preview Content";
			sourceTree = "<group>";
		};
		A10000A5229E00A5 /* App */ = {
			isa = PBXGroup;
			children = (
				A1000002229E0001 /* SummaryAIApp.swift */,
			);
			path = App;
			sourceTree = "<group>";
		};
		A10000A6229E00A6 /* Models */ = {
			isa = PBXGroup;
			children = (
				A1000004229E0002 /* APIModels.swift */,
			);
			path = Models;
			sourceTree = "<group>";
		};
		A10000A7229E00A7 /* Services */ = {
			isa = PBXGroup;
			children = (
				A10000AA229E00AA /* API */,
				A10000AB229E00AB /* Audio */,
				A10000AC229E00AC /* Auth */,
				A10000AD229E00AD /* Export */,
				A100004B229E0038 /* VoIP */,
				DC00000200000001 /* AIDataConsentManager.swift */,
				A1000053229E0043 /* AnalyticsService.swift */,
				A1000051229E0041 /* ReviewRequestManager.swift */,
				A1000032229E001E /* SubscriptionService.swift */,
				3F12911BF39626F5F9FA9FD3 /* AttributionService.swift */,
				TT0000000000000000000011 /* TikTokHelper.swift */,
				18D7B68CEE2E6E9738784E58 /* ReviewManager.swift */,
				4B5F6218F5D4C3FD59BF6C57 /* RemotePaywallView.swift */,
			);
			path = Services;
			sourceTree = "<group>";
		};
		A10000A8229E00A8 /* ViewModels */ = {
			isa = PBXGroup;
			children = (
				A100002C229E0018 /* CalendarViewModel.swift */,
				A1000038229E0024 /* JoinMeetingViewModel.swift */,
				A100003E229E002B /* LiveTranscriptViewModel.swift */,
				A1000046229E0033 /* PhoneViewModel.swift */,
				A1000010229E0008 /* RecordingDetailViewModel.swift */,
				A1000012229E0009 /* RecordingViewModel.swift */,
				A1000014229E000A /* RecordingsListViewModel.swift */,
				A1000016229E000B /* SearchViewModel.swift */,
				A100003A229E0026 /* TodosViewModel.swift */,
			);
			path = ViewModels;
			sourceTree = "<group>";
		};
		A10000A9229E00A9 /* Views */ = {
			isa = PBXGroup;
			children = (
				A10000AE229E00AE /* Components */,
				DC00000400000002 /* AIDataConsentView.swift */,
				A1000018229E000C /* AuthViews.swift */,
				A100002E229E001A /* CalendarIntegrationView.swift */,
				A100001A229E000D /* ExportView.swift */,
				A1000036229E0022 /* JoinMeetingView.swift */,
				A1000030229E001C /* MeetingsView.swift */,
				A1000034229E0020 /* PaywallView.swift */,
				A1000048229E0035 /* PhoneView.swift */,
				A100001C229E000E /* RecordingDetailView.swift */,
				A100001E229E000F /* RecordingView.swift */,
				A1000020229E0010 /* RecordingsListView.swift */,
				A1000022229E0011 /* SearchView.swift */,
				A1000024229E0012 /* SettingsView.swift */,
				A100003C229E0028 /* TodosView.swift */,
			);
			path = Views;
			sourceTree = "<group>";
		};
		A10000AA229E00AA /* API */ = {
			isa = PBXGroup;
			children = (
				A1000006229E0003 /* APIError.swift */,
				A1000008229E0004 /* SummaryAIAPIClient.swift */,
			);
			path = API;
			sourceTree = "<group>";
		};
		A10000AB229E00AB /* Audio */ = {
			isa = PBXGroup;
			children = (
				A100000A229E0005 /* RecordingManager.swift */,
			);
			path = Audio;
			sourceTree = "<group>";
		};
		A10000AC229E00AC /* Auth */ = {
			isa = PBXGroup;
			children = (
				A100000C229E0006 /* AuthService.swift */,
			);
			path = Auth;
			sourceTree = "<group>";
		};
		A10000AD229E00AD /* Export */ = {
			isa = PBXGroup;
			children = (
				A100000E229E0007 /* ExportService.swift */,
			);
			path = Export;
			sourceTree = "<group>";
		};
		A10000AE229E00AE /* Components */ = {
			isa = PBXGroup;
			children = (
				A1000042229E002F /* AudioPlayerView.swift */,
				A1000040229E002D /* LiveTranscriptView.swift */,
				A1000044229E0031 /* LiveWaveformView.swift */,
			);
			path = Components;
			sourceTree = "<group>";
		};
/* End PBXGroup section */

/* Begin PBXNativeTarget section */
		A10000B0229E00B0 /* SummaryAI */ = {
			isa = PBXNativeTarget;
			buildConfigurationList = A10000D0229E00D0 /* Build configuration list for PBXNativeTarget "SummaryAI" */;
			buildPhases = (
				A10000E0229E00E0 /* Sources */,
				A10000F0229E00F0 /* Frameworks */,
				A1000100229E0100 /* Resources */,
			);
			buildRules = (
			);
			dependencies = (
			);
			name = SummaryAI;
			packageProductDependencies = (
				88DA84B02F07436B0084B5E7 /* GoogleSignIn */,
				88DA84B22F07436B0084B5E7 /* GoogleSignInSwift */,
				A100004D229E003A /* TwilioVoice */,
				A1FB0001229E0001 /* FirebaseAnalytics */,
				A1RC0001229E0001 /* RevenueCat */,
				BADB2B1870CE121AD1511C30 /* RevenueCatUI */,
				TT0000000000000000000002 /* TikTokBusinessSDK */,
			);
			productName = SummaryAI;
			productReference = A1000000229E0000 /* SummaryAI.app */;
			productType = "com.apple.product-type.application";
		};
/* End PBXNativeTarget section */

/* Begin PBXProject section */
		A10000C0229E00C0 /* Project object */ = {
			isa = PBXProject;
			attributes = {
				BuildIndependentTargetsInParallel = 1;
				LastSwiftUpdateCheck = 1500;
				LastUpgradeCheck = 1500;
				TargetAttributes = {
					A10000B0229E00B0 = {
						CreatedOnToolsVersion = 15.0;
					};
				};
			};
			buildConfigurationList = A10000C1229E00C1 /* Build configuration list for PBXProject "SummaryAI" */;
			compatibilityVersion = "Xcode 14.0";
			developmentRegion = en;
			hasScannedForEncodings = 0;
			knownRegions = (
				en,
				Base,
			);
			mainGroup = A10000A0229E00A0;
			packageReferences = (
				88DA84AF2F07436B0084B5E7 /* XCRemoteSwiftPackageReference "GoogleSignIn-iOS" */,
				A100004C229E0039 /* XCRemoteSwiftPackageReference "twilio-voice-ios" */,
				A1FB0000229E0000 /* XCRemoteSwiftPackageReference "firebase-ios-sdk" */,
				A1RC0000229E0000 /* XCRemoteSwiftPackageReference "purchases-ios" */,
				TT0000000000000000000003 /* XCRemoteSwiftPackageReference "tiktok-business-ios-sdk" */,
			);
			productRefGroup = A10000A2229E00A2 /* Products */;
			projectDirPath = "";
			projectRoot = "";
			targets = (
				A10000B0229E00B0 /* SummaryAI */,
			);
		};
/* End PBXProject section */

/* Begin PBXResourcesBuildPhase section */
		A1000100229E0100 /* Resources */ = {
			isa = PBXResourcesBuildPhase;
			buildActionMask = 2147483647;
			files = (
				A1000027229E0014 /* Preview Assets.xcassets in Resources */,
				A1000025229E0013 /* Assets.xcassets in Resources */,
				298F3D263A0697F1642A255B /* GoogleService-Info.plist in Resources */,
			);
			runOnlyForDeploymentPostprocessing = 0;
		};
/* End PBXResourcesBuildPhase section */

/* Begin PBXSourcesBuildPhase section */
		A10000E0229E00E0 /* Sources */ = {
			isa = PBXSourcesBuildPhase;
			buildActionMask = 2147483647;
			files = (
				A1000001229E0001 /* SummaryAIApp.swift in Sources */,
				A1000003229E0002 /* APIModels.swift in Sources */,
				A1000005229E0003 /* APIError.swift in Sources */,
				A1000007229E0004 /* SummaryAIAPIClient.swift in Sources */,
				A1000009229E0005 /* RecordingManager.swift in Sources */,
				A100000B229E0006 /* AuthService.swift in Sources */,
				A100000D229E0007 /* ExportService.swift in Sources */,
				A100000F229E0008 /* RecordingDetailViewModel.swift in Sources */,
				A1000011229E0009 /* RecordingViewModel.swift in Sources */,
				A1000013229E000A /* RecordingsListViewModel.swift in Sources */,
				A1000015229E000B /* SearchViewModel.swift in Sources */,
				A1000029229E0017 /* CalendarViewModel.swift in Sources */,
				A100002D229E0019 /* CalendarIntegrationView.swift in Sources */,
				A100002F229E001B /* MeetingsView.swift in Sources */,
				A1000017229E000C /* AuthViews.swift in Sources */,
				A1000019229E000D /* ExportView.swift in Sources */,
				A100001B229E000E /* RecordingDetailView.swift in Sources */,
				A100001D229E000F /* RecordingView.swift in Sources */,
				A100001F229E0010 /* RecordingsListView.swift in Sources */,
				A1000021229E0011 /* SearchView.swift in Sources */,
				A1000023229E0012 /* SettingsView.swift in Sources */,
				A1000031229E001D /* SubscriptionService.swift in Sources */,
				A1000050229E0040 /* ReviewRequestManager.swift in Sources */,
				A1000052229E0042 /* AnalyticsService.swift in Sources */,
				A1000033229E001F /* PaywallView.swift in Sources */,
				A1000035229E0021 /* JoinMeetingView.swift in Sources */,
				A1000037229E0023 /* JoinMeetingViewModel.swift in Sources */,
				A1000039229E0025 /* TodosViewModel.swift in Sources */,
				A100003B229E0027 /* TodosView.swift in Sources */,
				A100003D229E002A /* LiveTranscriptViewModel.swift in Sources */,
				A100003F229E002C /* LiveTranscriptView.swift in Sources */,
				A1000041229E002E /* AudioPlayerView.swift in Sources */,
				A1000043229E0030 /* LiveWaveformView.swift in Sources */,
				A1000045229E0032 /* PhoneViewModel.swift in Sources */,
				A1000047229E0034 /* PhoneView.swift in Sources */,
				A1000049229E0036 /* VoipService.swift in Sources */,
				B8692A64ADB88CDE64F07A75 /* AttributionService.swift in Sources */,
				TT0000000000000000000010 /* TikTokHelper.swift in Sources */,
				2FDFA21E83AD1DDCD13FFE40 /* RemotePaywallView.swift in Sources */,
				DC00000100000001 /* AIDataConsentManager.swift in Sources */,
				DC00000300000002 /* AIDataConsentView.swift in Sources */,
			);
			runOnlyForDeploymentPostprocessing = 0;
		};
/* End PBXSourcesBuildPhase section */

/* Begin XCBuildConfiguration section */
		A10000D1229E00D1 /* Debug */ = {
			isa = XCBuildConfiguration;
			buildSettings = {
				ALWAYS_SEARCH_USER_PATHS = NO;
				ASSETCATALOG_COMPILER_GENERATE_SWIFT_ASSET_SYMBOL_EXTENSIONS = YES;
				CLANG_ANALYZER_NONNULL = YES;
				CLANG_ANALYZER_NUMBER_OBJECT_CONVERSION = YES_AGGRESSIVE;
				CLANG_CXX_LANGUAGE_STANDARD = "gnu++20";
				CLANG_ENABLE_MODULES = YES;
				CLANG_ENABLE_OBJC_ARC = YES;
				CLANG_ENABLE_OBJC_WEAK = YES;
				CLANG_WARN_BLOCK_CAPTURE_AUTORELEASING = YES;
				CLANG_WARN_BOOL_CONVERSION = YES;
				CLANG_WARN_COMMA = YES;
				CLANG_WARN_CONSTANT_CONVERSION = YES;
				CLANG_WARN_DEPRECATED_OBJC_IMPLEMENTATIONS = YES;
				CLANG_WARN_DIRECT_OBJC_ISA_USAGE = YES_ERROR;
				CLANG_WARN_DOCUMENTATION_COMMENTS = YES;
				CLANG_WARN_EMPTY_BODY = YES;
				CLANG_WARN_ENUM_CONVERSION = YES;
				CLANG_WARN_INFINITE_RECURSION = YES;
				CLANG_WARN_INT_CONVERSION = YES;
				CLANG_WARN_NON_LITERAL_NULL_CONVERSION = YES;
				CLANG_WARN_OBJC_IMPLICIT_RETAIN_SELF = YES;
				CLANG_WARN_OBJC_LITERAL_CONVERSION = YES;
				CLANG_WARN_OBJC_ROOT_CLASS = YES_ERROR;
				CLANG_WARN_QUOTED_INCLUDE_IN_FRAMEWORK_HEADER = YES;
				CLANG_WARN_RANGE_LOOP_ANALYSIS = YES;
				CLANG_WARN_STRICT_PROTOTYPES = YES;
				CLANG_WARN_SUSPICIOUS_MOVE = YES;
				CLANG_WARN_UNGUARDED_AVAILABILITY = YES_AGGRESSIVE;
				CLANG_WARN_UNREACHABLE_CODE = YES;
				CLANG_WARN__DUPLICATE_METHOD_MATCH = YES;
				COPY_PHASE_STRIP = NO;
				DEBUG_INFORMATION_FORMAT = dwarf;
				ENABLE_STRICT_OBJC_MSGSEND = YES;
				ENABLE_TESTABILITY = YES;
				ENABLE_USER_SCRIPT_SANDBOXING = YES;
				GCC_C_LANGUAGE_STANDARD = gnu17;
				GCC_DYNAMIC_NO_PIC = NO;
				GCC_NO_COMMON_BLOCKS = YES;
				GCC_OPTIMIZATION_LEVEL = 0;
				GCC_PREPROCESSOR_DEFINITIONS = (
					"DEBUG=1",
					"$(inherited)",
				);
				GCC_WARN_64_TO_32_BIT_CONVERSION = YES;
				GCC_WARN_ABOUT_RETURN_TYPE = YES_ERROR;
				GCC_WARN_UNDECLARED_SELECTOR = YES;
				GCC_WARN_UNINITIALIZED_AUTOS = YES_AGGRESSIVE;
				GCC_WARN_UNUSED_FUNCTION = YES;
				GCC_WARN_UNUSED_VARIABLE = YES;
				IPHONEOS_DEPLOYMENT_TARGET = 17.0;
				LOCALIZATION_PREFERS_STRING_CATALOGS = YES;
				MTL_ENABLE_DEBUG_INFO = INCLUDE_SOURCE;
				MTL_FAST_MATH = YES;
				ONLY_ACTIVE_ARCH = YES;
				SDKROOT = iphoneos;
				SWIFT_ACTIVE_COMPILATION_CONDITIONS = "DEBUG $(inherited)";
				SWIFT_OPTIMIZATION_LEVEL = "-Onone";
			};
			name = Debug;
		};
		A10000D2229E00D2 /* Release */ = {
			isa = XCBuildConfiguration;
			buildSettings = {
				ALWAYS_SEARCH_USER_PATHS = NO;
				ASSETCATALOG_COMPILER_GENERATE_SWIFT_ASSET_SYMBOL_EXTENSIONS = YES;
				CLANG_ANALYZER_NONNULL = YES;
				CLANG_ANALYZER_NUMBER_OBJECT_CONVERSION = YES_AGGRESSIVE;
				CLANG_CXX_LANGUAGE_STANDARD = "gnu++20";
				CLANG_ENABLE_MODULES = YES;
				CLANG_ENABLE_OBJC_ARC = YES;
				CLANG_ENABLE_OBJC_WEAK = YES;
				CLANG_WARN_BLOCK_CAPTURE_AUTORELEASING = YES;
				CLANG_WARN_BOOL_CONVERSION = YES;
				CLANG_WARN_COMMA = YES;
				CLANG_WARN_CONSTANT_CONVERSION = YES;
				CLANG_WARN_DEPRECATED_OBJC_IMPLEMENTATIONS = YES;
				CLANG_WARN_DIRECT_OBJC_ISA_USAGE = YES_ERROR;
				CLANG_WARN_DOCUMENTATION_COMMENTS = YES;
				CLANG_WARN_EMPTY_BODY = YES;
				CLANG_WARN_ENUM_CONVERSION = YES;
				CLANG_WARN_INFINITE_RECURSION = YES;
				CLANG_WARN_INT_CONVERSION = YES;
				CLANG_WARN_NON_LITERAL_NULL_CONVERSION = YES;
				CLANG_WARN_OBJC_IMPLICIT_RETAIN_SELF = YES;
				CLANG_WARN_OBJC_LITERAL_CONVERSION = YES;
				CLANG_WARN_OBJC_ROOT_CLASS = YES_ERROR;
				CLANG_WARN_QUOTED_INCLUDE_IN_FRAMEWORK_HEADER = YES;
				CLANG_WARN_RANGE_LOOP_ANALYSIS = YES;
				CLANG_WARN_STRICT_PROTOTYPES = YES;
				CLANG_WARN_SUSPICIOUS_MOVE = YES;
				CLANG_WARN_UNGUARDED_AVAILABILITY = YES_AGGRESSIVE;
				CLANG_WARN_UNREACHABLE_CODE = YES;
				CLANG_WARN__DUPLICATE_METHOD_MATCH = YES;
				COPY_PHASE_STRIP = NO;
				DEBUG_INFORMATION_FORMAT = "dwarf-with-dsym";
				ENABLE_NS_ASSERTIONS = NO;
				ENABLE_STRICT_OBJC_MSGSEND = YES;
				ENABLE_USER_SCRIPT_SANDBOXING = YES;
				GCC_C_LANGUAGE_STANDARD = gnu17;
				GCC_NO_COMMON_BLOCKS = YES;
				GCC_WARN_64_TO_32_BIT_CONVERSION = YES;
				GCC_WARN_ABOUT_RETURN_TYPE = YES_ERROR;
				GCC_WARN_UNDECLARED_SELECTOR = YES;
				GCC_WARN_UNINITIALIZED_AUTOS = YES_AGGRESSIVE;
				GCC_WARN_UNUSED_FUNCTION = YES;
				GCC_WARN_UNUSED_VARIABLE = YES;
				IPHONEOS_DEPLOYMENT_TARGET = 17.0;
				LOCALIZATION_PREFERS_STRING_CATALOGS = YES;
				MTL_ENABLE_DEBUG_INFO = NO;
				MTL_FAST_MATH = YES;
				SDKROOT = iphoneos;
				SWIFT_COMPILATION_MODE = wholemodule;
				VALIDATE_PRODUCT = YES;
			};
			name = Release;
		};
		A10000D3229E00D3 /* Debug */ = {
			isa = XCBuildConfiguration;
			buildSettings = {
				ASSETCATALOG_COMPILER_APPICON_NAME = AppIcon;
				ASSETCATALOG_COMPILER_GLOBAL_ACCENT_COLOR_NAME = AccentColor;
				CODE_SIGN_ENTITLEMENTS = SummaryAI/SummaryAI.entitlements;
				CODE_SIGN_STYLE = Automatic;
				CURRENT_PROJECT_VERSION = 24;
				DEVELOPMENT_ASSET_PATHS = "\"SummaryAI/Preview Content\"";
				DEVELOPMENT_TEAM = 7RS696YC75;
				ENABLE_PREVIEWS = YES;
				GENERATE_INFOPLIST_FILE = NO;
				INFOPLIST_FILE = SummaryAI/Info.plist;
				INFOPLIST_KEY_CFBundleDisplayName = "Meeting Mind";
				INFOPLIST_KEY_LSApplicationCategoryType = "public.app-category.productivity";
				INFOPLIST_KEY_NSMicrophoneUsageDescription = "Meeting Mind needs access to your microphone to record meetings and conversations for transcription.";
				INFOPLIST_KEY_UIApplicationSceneManifest_Generation = YES;
				INFOPLIST_KEY_UIApplicationSupportsIndirectInputEvents = YES;
				INFOPLIST_KEY_UILaunchScreen_Generation = YES;
				INFOPLIST_KEY_UISupportedInterfaceOrientations = UIInterfaceOrientationPortrait;
				INFOPLIST_KEY_UISupportedInterfaceOrientations_iPad = "UIInterfaceOrientationLandscapeLeft UIInterfaceOrientationLandscapeRight UIInterfaceOrientationPortrait UIInterfaceOrientationPortraitUpsideDown";
				LD_RUNPATH_SEARCH_PATHS = (
					"$(inherited)",
					"@executable_path/Frameworks",
				);
				MARKETING_VERSION = 5.0;
				PRODUCT_BUNDLE_IDENTIFIER = com.kreativekoala.summaryai;
				PRODUCT_NAME = "$(TARGET_NAME)";
				SWIFT_EMIT_LOC_STRINGS = YES;
				SWIFT_VERSION = 5.0;
				TARGETED_DEVICE_FAMILY = "1,2";
			};
			name = Debug;
		};
		A10000D4229E00D4 /* Release */ = {
			isa = XCBuildConfiguration;
			buildSettings = {
				ASSETCATALOG_COMPILER_APPICON_NAME = AppIcon;
				ASSETCATALOG_COMPILER_GLOBAL_ACCENT_COLOR_NAME = AccentColor;
				CODE_SIGN_ENTITLEMENTS = SummaryAI/SummaryAI.entitlements;
				CODE_SIGN_STYLE = Automatic;
				CURRENT_PROJECT_VERSION = 24;
				DEVELOPMENT_ASSET_PATHS = "\"SummaryAI/Preview Content\"";
				DEVELOPMENT_TEAM = 7RS696YC75;
				ENABLE_PREVIEWS = YES;
				GENERATE_INFOPLIST_FILE = NO;
				INFOPLIST_FILE = SummaryAI/Info.plist;
				INFOPLIST_KEY_CFBundleDisplayName = "Meeting Mind";
				INFOPLIST_KEY_LSApplicationCategoryType = "public.app-category.productivity";
				INFOPLIST_KEY_NSMicrophoneUsageDescription = "Meeting Mind needs access to your microphone to record meetings and conversations for transcription.";
				INFOPLIST_KEY_UIApplicationSceneManifest_Generation = YES;
				INFOPLIST_KEY_UIApplicationSupportsIndirectInputEvents = YES;
				INFOPLIST_KEY_UILaunchScreen_Generation = YES;
				INFOPLIST_KEY_UISupportedInterfaceOrientations = UIInterfaceOrientationPortrait;
				INFOPLIST_KEY_UISupportedInterfaceOrientations_iPad = "UIInterfaceOrientationLandscapeLeft UIInterfaceOrientationLandscapeRight UIInterfaceOrientationPortrait UIInterfaceOrientationPortraitUpsideDown";
				LD_RUNPATH_SEARCH_PATHS = (
					"$(inherited)",
					"@executable_path/Frameworks",
				);
				MARKETING_VERSION = 5.0;
				PRODUCT_BUNDLE_IDENTIFIER = com.kreativekoala.summaryai;
				PRODUCT_NAME = "$(TARGET_NAME)";
				SWIFT_EMIT_LOC_STRINGS = YES;
				SWIFT_VERSION = 5.0;
				TARGETED_DEVICE_FAMILY = "1,2";
			};
			name = Release;
		};
/* End XCBuildConfiguration section */

/* Begin XCConfigurationList section */
		A10000C1229E00C1 /* Build configuration list for PBXProject "SummaryAI" */ = {
			isa = XCConfigurationList;
			buildConfigurations = (
				A10000D1229E00D1 /* Debug */,
				A10000D2229E00D2 /* Release */,
			);
			defaultConfigurationIsVisible = 0;
			defaultConfigurationName = Release;
		};
		A10000D0229E00D0 /* Build configuration list for PBXNativeTarget "SummaryAI" */ = {
			isa = XCConfigurationList;
			buildConfigurations = (
				A10000D3229E00D3 /* Debug */,
				A10000D4229E00D4 /* Release */,
			);
			defaultConfigurationIsVisible = 0;
			defaultConfigurationName = Release;
		};
/* End XCConfigurationList section */

/* Begin XCRemoteSwiftPackageReference section */
		88DA84AF2F07436B0084B5E7 /* XCRemoteSwiftPackageReference "GoogleSignIn-iOS" */ = {
			isa = XCRemoteSwiftPackageReference;
			repositoryURL = "https://github.com/google/GoogleSignIn-iOS";
			requirement = {
				kind = upToNextMajorVersion;
				minimumVersion = 9.0.0;
			};
		};
		A100004C229E0039 /* XCRemoteSwiftPackageReference "twilio-voice-ios" */ = {
			isa = XCRemoteSwiftPackageReference;
			repositoryURL = "https://github.com/twilio/twilio-voice-ios";
			requirement = {
				kind = upToNextMajorVersion;
				minimumVersion = 6.0.0;
			};
		};
		A1FB0000229E0000 /* XCRemoteSwiftPackageReference "firebase-ios-sdk" */ = {
			isa = XCRemoteSwiftPackageReference;
			repositoryURL = "https://github.com/firebase/firebase-ios-sdk";
			requirement = {
				kind = upToNextMajorVersion;
				minimumVersion = 11.0.0;
			};
		};
		A1RC0000229E0000 /* XCRemoteSwiftPackageReference "purchases-ios" */ = {
			isa = XCRemoteSwiftPackageReference;
			repositoryURL = "https://github.com/RevenueCat/purchases-ios";
			requirement = {
				kind = upToNextMajorVersion;
				minimumVersion = 5.0.0;
			};
		};
	TT0000000000000000000003 /* XCRemoteSwiftPackageReference "tiktok-business-ios-sdk" */ = {
		isa = XCRemoteSwiftPackageReference;
		repositoryURL = "https://github.com/tiktok/tiktok-business-ios-sdk";
		requirement = {
			kind = upToNextMajorVersion;
			minimumVersion = 1.0.0;
		};
	};
/* End XCRemoteSwiftPackageReference section */

/* Begin XCSwiftPackageProductDependency section */
		88DA84B02F07436B0084B5E7 /* GoogleSignIn */ = {
			isa = XCSwiftPackageProductDependency;
			package = 88DA84AF2F07436B0084B5E7 /* XCRemoteSwiftPackageReference "GoogleSignIn-iOS" */;
			productName = GoogleSignIn;
		};
		88DA84B22F07436B0084B5E7 /* GoogleSignInSwift */ = {
			isa = XCSwiftPackageProductDependency;
			package = 88DA84AF2F07436B0084B5E7 /* XCRemoteSwiftPackageReference "GoogleSignIn-iOS" */;
			productName = GoogleSignInSwift;
		};
		A100004D229E003A /* TwilioVoice */ = {
			isa = XCSwiftPackageProductDependency;
			package = A100004C229E0039 /* XCRemoteSwiftPackageReference "twilio-voice-ios" */;
			productName = TwilioVoice;
		};
		A1FB0001229E0001 /* FirebaseAnalytics */ = {
			isa = XCSwiftPackageProductDependency;
			package = A1FB0000229E0000 /* XCRemoteSwiftPackageReference "firebase-ios-sdk" */;
			productName = FirebaseAnalytics;
		};
		A1RC0001229E0001 /* RevenueCat */ = {
			isa = XCSwiftPackageProductDependency;
			package = A1RC0000229E0000 /* XCRemoteSwiftPackageReference "purchases-ios" */;
			productName = RevenueCat;
		};
		BADB2B1870CE121AD1511C30 /* RevenueCatUI */ = {
			isa = XCSwiftPackageProductDependency;
			package = A1RC0000229E0000 /* XCRemoteSwiftPackageReference "purchases-ios" */;
			productName = RevenueCatUI;
		};
	TT0000000000000000000002 /* TikTokBusinessSDK */ = {
		isa = XCSwiftPackageProductDependency;
		package = TT0000000000000000000003 /* XCRemoteSwiftPackageReference "tiktok-business-ios-sdk" */;
		productName = TikTokBusinessSDK;
	};
/* End XCSwiftPackageProductDependency section */
	};
	rootObject = A10000C0229E00C0 /* Project object */;
}
